{
  "name": "miniprogram-ts-less-quickstart",
  "version": "1.0.0",
  "lockfileVersion": 3,
  "requires": true,
  "packages": {
    "": {
      "name": "miniprogram-ts-less-quickstart",
      "version": "1.0.0",
      "dependencies": {
        "lunar-typescript": "^1.7.8"
      },
      "devDependencies": {
        "miniprogram-api-typings": "^3.12.0"
      }
    },
    "node_modules/lunar-typescript": {
      "version": "1.7.8",
      "resolved": "https://registry.npmmirror.com/lunar-typescript/-/lunar-typescript-1.7.8.tgz",
      "integrity": "sha512-i1rjc1eDHUF4k8NfpYxar3ZKtxyVHOGnR+yVTMS8jMy74ugq7KeHI+8T1XIvB3uojpBq6asywe7z25PmI3VLPw=="
    },
    "node_modules/miniprogram-api-typings": {
      "version": "3.12.3",
      "resolved": "https://registry.npmmirror.com/miniprogram-api-typings/-/miniprogram-api-typings-3.12.3.tgz",
      "integrity": "sha512-o7bOfrU28MEMCBWo83nXv0ROQSBFxJcfCl4f2wTYqah64ipC5RGqLJfvWJTWhlQt2ECVwspSzM8LgvnfMo7TEQ==",
      "dev": true
    }
  }
}
